
Microsoft Visual Studio Solution File, Format Version 12.00
# Visual Studio Version 16
VisualStudioVersion = 16.0.30804.86
MinimumVisualStudioVersion = 10.0.40219.1
Project("{FAE04EC0-301F-11D3-BF4B-00C04F79EFBC}") = "Uri 1044", "Uri 1044\Uri 1044.csproj", "{8F41DCF1-965A-456C-83DD-4ED2010050AC}"
EndProject
Global
	GlobalSection(SolutionConfigurationPlatforms) = preSolution
		Debug|Any CPU = Debug|Any CPU
		Release|Any CPU = Release|Any CPU
	EndGlobalSection
	GlobalSection(ProjectConfigurationPlatforms) = postSolution
		{8F41DCF1-965A-456C-83DD-4ED2010050AC}.Debug|Any CPU.ActiveCfg = Debug|Any CPU
		{8F41DCF1-965A-456C-83DD-4ED2010050AC}.Debug|Any CPU.Build.0 = Debug|Any CPU
		{8F41DCF1-965A-456C-83DD-4ED2010050AC}.Release|Any CPU.ActiveCfg = Release|Any CPU
		{8F41DCF1-965A-456C-83DD-4ED2010050AC}.Release|Any CPU.Build.0 = Release|Any CPU
	EndGlobalSection
	GlobalSection(SolutionProperties) = preSolution
		HideSolutionNode = FALSE
	EndGlobalSection
	GlobalSection(ExtensibilityGlobals) = postSolution
		SolutionGuid = {D4CF8F3F-D6B0-482D-934F-2D43B4CE80DC}
	EndGlobalSection
EndGlobal
